
Microsoft Visual Studio Solution File, Format Version 12.00
# Visual Studio 15
VisualStudioVersion = 15.0.26124.0
MinimumVisualStudioVersion = 15.0.26124.0
Project("{2150E333-8FDC-42A3-9474-1A3956D46DE8}") = "src", "src", "{5AB12352-AF92-4812-9CD5-BBC5EAE047AF}"
EndProject
Project("{FAE04EC0-301F-11D3-BF4B-00C04F79EFBC}") = "DemoApp", "src\DemoApp\DemoApp.csproj", "{7102ABB9-04ED-4B25-840F-173DFBCD302F}"
EndProject
Project("{2150E333-8FDC-42A3-9474-1A3956D46DE8}") = "test", "test", "{6AB54931-17D8-4BB4-8C6A-A8EFC59C1AC1}"
EndProject
Project("{FAE04EC0-301F-11D3-BF4B-00C04F79EFBC}") = "DemoApp.Tests", "test\DemoApp.Tests\DemoApp.Tests.csproj", "{054102C9-67CD-466E-A842-52FE42FE9CEF}"
EndProject
Global
	GlobalSection(SolutionConfigurationPlatforms) = preSolution
		Debug|Any CPU = Debug|Any CPU
		Debug|x64 = Debug|x64
		Debug|x86 = Debug|x86
		Release|Any CPU = Release|Any CPU
		Release|x64 = Release|x64
		Release|x86 = Release|x86
	EndGlobalSection
	GlobalSection(SolutionProperties) = preSolution
		HideSolutionNode = FALSE
	EndGlobalSection
	GlobalSection(ProjectConfigurationPlatforms) = postSolution
		{7102ABB9-04ED-4B25-840F-173DFBCD302F}.Debug|Any CPU.ActiveCfg = Debug|Any CPU
		{7102ABB9-04ED-4B25-840F-173DFBCD302F}.Debug|Any CPU.Build.0 = Debug|Any CPU
		{7102ABB9-04ED-4B25-840F-173DFBCD302F}.Debug|x64.ActiveCfg = Debug|Any CPU
		{7102ABB9-04ED-4B25-840F-173DFBCD302F}.Debug|x64.Build.0 = Debug|Any CPU
		{7102ABB9-04ED-4B25-840F-173DFBCD302F}.Debug|x86.ActiveCfg = Debug|Any CPU
		{7102ABB9-04ED-4B25-840F-173DFBCD302F}.Debug|x86.Build.0 = Debug|Any CPU
		{7102ABB9-04ED-4B25-840F-173DFBCD302F}.Release|Any CPU.ActiveCfg = Release|Any CPU
		{7102ABB9-04ED-4B25-840F-173DFBCD302F}.Release|Any CPU.Build.0 = Release|Any CPU
		{7102ABB9-04ED-4B25-840F-173DFBCD302F}.Release|x64.ActiveCfg = Release|Any CPU
		{7102ABB9-04ED-4B25-840F-173DFBCD302F}.Release|x64.Build.0 = Release|Any CPU
		{7102ABB9-04ED-4B25-840F-173DFBCD302F}.Release|x86.ActiveCfg = Release|Any CPU
		{7102ABB9-04ED-4B25-840F-173DFBCD302F}.Release|x86.Build.0 = Release|Any CPU
		{054102C9-67CD-466E-A842-52FE42FE9CEF}.Debug|Any CPU.ActiveCfg = Debug|Any CPU
		{054102C9-67CD-466E-A842-52FE42FE9CEF}.Debug|Any CPU.Build.0 = Debug|Any CPU
		{054102C9-67CD-466E-A842-52FE42FE9CEF}.Debug|x64.ActiveCfg = Debug|Any CPU
		{054102C9-67CD-466E-A842-52FE42FE9CEF}.Debug|x64.Build.0 = Debug|Any CPU
		{054102C9-67CD-466E-A842-52FE42FE9CEF}.Debug|x86.ActiveCfg = Debug|Any CPU
		{054102C9-67CD-466E-A842-52FE42FE9CEF}.Debug|x86.Build.0 = Debug|Any CPU
		{054102C9-67CD-466E-A842-52FE42FE9CEF}.Release|Any CPU.ActiveCfg = Release|Any CPU
		{054102C9-67CD-466E-A842-52FE42FE9CEF}.Release|Any CPU.Build.0 = Release|Any CPU
		{054102C9-67CD-466E-A842-52FE42FE9CEF}.Release|x64.ActiveCfg = Release|Any CPU
		{054102C9-67CD-466E-A842-52FE42FE9CEF}.Release|x64.Build.0 = Release|Any CPU
		{054102C9-67CD-466E-A842-52FE42FE9CEF}.Release|x86.ActiveCfg = Release|Any CPU
		{054102C9-67CD-466E-A842-52FE42FE9CEF}.Release|x86.Build.0 = Release|Any CPU
	EndGlobalSection
	GlobalSection(NestedProjects) = preSolution
		{7102ABB9-04ED-4B25-840F-173DFBCD302F} = {5AB12352-AF92-4812-9CD5-BBC5EAE047AF}
		{054102C9-67CD-466E-A842-52FE42FE9CEF} = {6AB54931-17D8-4BB4-8C6A-A8EFC59C1AC1}
	EndGlobalSection
EndGlobal
